github.com/aws/aws-lambda-go v1.49.0 h1:z4VhTqkFZPM3xpEtTqWqRqsRH4TZBMJqTkRiBPYLqIQ=
github.com/aws/aws-lambda-go v1.49.0/go.mod h1:dpMpZgvWx5vuQJfBt0zqBha60q7Dd7RfgJv23DymV8A=
github.com/aws/aws-sdk-go-v2 v1.39.6 h1:2JrPCVgWJm7bm83BDwY5z8ietmeJUbh3O2ACnn+Xsqk=
github.com/aws/aws-sdk-go-v2 v1.39.6/go.mod h1:c9pm7VwuW0UPxAEYGyTmyurVcNrbF6Rt/wixFqDhcjE=
github.com/aws/aws-sdk-go-v2/config v1.31.3 h1:RIb3yr/+PZ18YYNe6MDiG/3jVoJrPmdoCARwNkMGvco=
github.com/aws/aws-sdk-go-v2/config v1.31.3/go.mod h1:jjgx1n7x0FAKl6TnakqrpkHWWKcX3xfWtdnIJs5K9CE=
github.com/aws/aws-sdk-go-v2/credentials v1.18.7 h1:zqg4OMrKj+t5HlswDApgvAHjxKtlduKS7KicXB+7RLg=
github.com/aws/aws-sdk-go-v2/credentials v1.18.7/go.mod h1:/4M5OidTskkgkv+nCIfC9/tbiQ/c8qTox9QcUDV0cgc=
github.com/aws/aws-sdk-go-v2/feature/dynamodb/attributevalue v1.20.22 h1:lEiUGHFcGDqz4mPENUbhFWK8Id94o9eua8xZSSmha7o=
github.com/aws/aws-sdk-go-v2/feature/dynamodb/attributevalue v1.20.22/go.mod h1:DzJVoQhH1ZHVaP6nUFDQC7wpbkfrT5efAnn2svkU0aI=
github.com/aws/aws-sdk-go-v2/feature/ec2/imds v1.18.4 h1:lpdMwTzmuDLkgW7086jE94HweHCqG+uOJwHf3LZs7T0=
github.com/aws/aws-sdk-go-v2/feature/ec2/imds v1.18.4/go.mod h1:9xzb8/SV62W6gHQGC/8rrvgNXU6ZoYM3sAIJCIrXJxY=
github.com/aws/aws-sdk-go-v2/internal/configsources v1.4.13 h1:a+8/MLcWlIxo1lF9xaGt3J/u3yOZx+CdSveSNwjhD40=
github.com/aws/aws-sdk-go-v2/internal/configsources v1.4.13/go.mod h1:oGnKwIYZ4XttyU2JWxFrwvhF6YKiK/9/wmE3v3Iu9K8=
github.com/aws/aws-sdk-go-v2/internal/endpoints/v2 v2.7.13 h1:HBSI2kDkMdWz4ZM7FjwE7e/pWDEZ+nR95x8Ztet1ooY=
github.com/aws/aws-sdk-go-v2/internal/endpoints/v2 v2.7.13/go.mod h1:YE94ZoDArI7awZqJzBAZ3PDD2zSfuP7w6P2knOzIn8M=
github.com/aws/aws-sdk-go-v2/internal/ini v1.8.3 h1:bIqFDwgGXXN1Kpp99pDOdKMTTb5d2KyU5X/BZxjOkRo=
github.com/aws/aws-sdk-go-v2/internal/ini v1.8.3/go.mod h1:H5O/EsxDWyU+LP/V8i5sm8cxoZgc2fdNR9bxlOFrQTo=
github.com/aws/aws-sdk-go-v2/service/dynamodb v1.52.5 h1:/TXo+DTOlDiZ/RyH+96ymvtfPT5ervOlg9j+42IMXA0=
github.com/aws/aws-sdk-go-v2/service/dynamodb v1.52.5/go.mod h1:6eUUnWOJ8sucL5Uk8rPkFo8FYioM0CTNGHga8hwzXVc=
github.com/aws/aws-sdk-go-v2/service/dynamodbstreams v1.32.3 h1:jzySqYwM65aK4H5Oes3ewHugsX4YwgJbQ0XTMcjeKjY=
github.com/aws/aws-sdk-go-v2/service/dynamodbstreams v1.32.3/go.mod h1:nZ9KOFbkwpJtaM4VaBI+Jh6b3QrAyRX/k2hcNogeUZc=
github.com/aws/aws-sdk-go-v2/service/internal/accept-encoding v1.13.3 h1:x2Ibm/Af8Fi+BH+Hsn9TXGdT+hKbDd5XOTZxTMxDk7o=
github.com/aws/aws-sdk-go-v2/service/internal/accept-encoding v1.13.3/go.mod h1:IW1jwyrQgMdhisceG8fQLmQIydcT/jWY21rFhzgaKwo=
github.com/aws/aws-sdk-go-v2/service/internal/endpoint-discovery v1.11.13 h1:FScsqdRyKFkw3u2ysLeWC0dbaz9I+g0xJ1JlQpH6bPo=
github.com/aws/aws-sdk-go-v2/service/internal/endpoint-discovery v1.11.13/go.mod h1:wkhwIaGltEuG4SRwNzPiJmf/tDp+yL5ym55Lt4bheno=
github.com/aws/aws-sdk-go-v2/service/internal/presigned-url v1.13.4 h1:ueB2Te0NacDMnaC+68za9jLwkjzxGWm0KB5HTUHjLTI=
github.com/aws/aws-sdk-go-v2/service/internal/presigned-url v1.13.4/go.mod h1:nLEfLnVMmLvyIG58/6gsSA03F1voKGaCfHV7+lR8S7s=
github.com/aws/aws-sdk-go-v2/service/sso v1.28.2 h1:ve9dYBB8CfJGTFqcQ3ZLAAb/KXWgYlgu/2R2TZL2Ko0=
github.com/aws/aws-sdk-go-v2/service/sso v1.28.2/go.mod h1:n9bTZFZcBa9hGGqVz3i/a6+NG0zmZgtkB9qVVFDqPA8=
github.com/aws/aws-sdk-go-v2/service/ssooidc v1.34.0 h1:Bnr+fXrlrPEoR1MAFrHVsge3M/WoK4n23VNhRM7TPHI=
github.com/aws/aws-sdk-go-v2/service/ssooidc v1.34.0/go.mod h1:eknndR9rU8UpE/OmFpqU78V1EcXPKFTTm5l/buZYgvM=
github.com/aws/aws-sdk-go-v2/service/sts v1.38.0 h1:iV1Ko4Em/lkJIsoKyGfc0nQySi+v0Udxr6Igq+y9JZc=
github.com/aws/aws-sdk-go-v2/service/sts v1.38.0/go.mod h1:bEPcjW7IbolPfK67G1nilqWyoxYMSPrDiIQ3RdIdKgo=
github.com/aws/smithy-go v1.23.2 h1:Crv0eatJUQhaManss33hS5r40CG3ZFH+21XSkqMrIUM=
github.com/aws/smithy-go v1.23.2/go.mod h1:LEj2LM3rBRQJxPZTB4KuzZkaZYnZPnvgIhb4pu07mx0=
github.com/davecgh/go-spew v1.1.1 h1:vj9j/u1bqnvCEfJOwUhtlOARqs3+rkHYY13jYWTU97c=
github.com/davecgh/go-spew v1.1.1/go.mod h1:J7Y8YcW2NihsgmVo/mv3lAwl/skON4iLHjSsI+c5H38=
github.com/pmezard/go-difflib v1.0.0 h1:4DBwDE0NGyQoBHbLQYPwSUPoCMWR5BEzIk/f1lZbAQM=
github.com/pmezard/go-difflib v1.0.0/go.mod h1:iKH77koFhYxTK1pcRnkKkqfTogsbg7gZNVY4sRDYZ/4=
github.com/stretchr/testify v1.7.2 h1:4jaiDzPyXQvSd7D0EjG45355tLlV3VOECpq10pLC+8s=
github.com/stretchr/testify v1.7.2/go.mod h1:R6va5+xMeoiuVRoj+gSkQ7d3FALtqAAGI1FQKckRals=
gopkg.in/yaml.v3 v3.0.1 h1:fxVm/GzAzEWqLHuvctI91KS9hhNmmWOoWu0XTYJS7CA=
gopkg.in/yaml.v3 v3.0.1/go.mod h1:K4uyk7z7BCEPqu6E+C64Yfv1cQ7kz7rIZviUmN+EgEM=
